
Microsoft Visual Studio Solution File, Format Version 12.00
# Visual Studio Version 17
VisualStudioVersion = 17.13.35931.197
MinimumVisualStudioVersion = 10.0.40219.1
Project("{FAE04EC0-301F-11D3-BF4B-00C04F79EFBC}") = "Steady-Management.Domain", "Steady-Management.Domain\Steady-Management.Domain.csproj", "{DAC66890-9F3C-4E52-AEFA-1ED2AF8B5928}"
EndProject
Project("{FAE04EC0-301F-11D3-BF4B-00C04F79EFBC}") = "Steady-Management.DataAccess", "Steady-Management.DataAccess\Steady-Management.DataAccess.csproj", "{3940CCC1-F54C-42CD-AA8A-F56111E8156D}"
EndProject
Project("{FAE04EC0-301F-11D3-BF4B-00C04F79EFBC}") = "Steady-Management.Business", "Steady-Management.Business\Steady-Management.Business.csproj", "{452FC80A-0B18-41B0-B93B-42BEF240F587}"
EndProject
Project("{FAE04EC0-301F-11D3-BF4B-00C04F79EFBC}") = "Steady-Management.Test", "Steady-Management.Test\Steady-Management.Test.csproj", "{CC9515FB-2311-4232-BCE4-5ACAE243AB1A}"
	ProjectSection(ProjectDependencies) = postProject
		{452FC80A-0B18-41B0-B93B-42BEF240F587} = {452FC80A-0B18-41B0-B93B-42BEF240F587}
	EndProjectSection
EndProject
Project("{FAE04EC0-301F-11D3-BF4B-00C04F79EFBC}") = "Steady-Management.WebAPI", "Steady-Management.WebAPI\Steady-Management.WebAPI.csproj", "{11C4C13E-0595-470F-9E83-AF8FFF509BC2}"
EndProject
Global
	GlobalSection(SolutionConfigurationPlatforms) = preSolution
		Debug|Any CPU = Debug|Any CPU
		Release|Any CPU = Release|Any CPU
	EndGlobalSection
	GlobalSection(ProjectConfigurationPlatforms) = postSolution
		{DAC66890-9F3C-4E52-AEFA-1ED2AF8B5928}.Debug|Any CPU.ActiveCfg = Debug|Any CPU
		{DAC66890-9F3C-4E52-AEFA-1ED2AF8B5928}.Debug|Any CPU.Build.0 = Debug|Any CPU
		{DAC66890-9F3C-4E52-AEFA-1ED2AF8B5928}.Release|Any CPU.ActiveCfg = Release|Any CPU
		{DAC66890-9F3C-4E52-AEFA-1ED2AF8B5928}.Release|Any CPU.Build.0 = Release|Any CPU
		{3940CCC1-F54C-42CD-AA8A-F56111E8156D}.Debug|Any CPU.ActiveCfg = Debug|Any CPU
		{3940CCC1-F54C-42CD-AA8A-F56111E8156D}.Debug|Any CPU.Build.0 = Debug|Any CPU
		{3940CCC1-F54C-42CD-AA8A-F56111E8156D}.Release|Any CPU.ActiveCfg = Release|Any CPU
		{3940CCC1-F54C-42CD-AA8A-F56111E8156D}.Release|Any CPU.Build.0 = Release|Any CPU
		{452FC80A-0B18-41B0-B93B-42BEF240F587}.Debug|Any CPU.ActiveCfg = Debug|Any CPU
		{452FC80A-0B18-41B0-B93B-42BEF240F587}.Debug|Any CPU.Build.0 = Debug|Any CPU
		{452FC80A-0B18-41B0-B93B-42BEF240F587}.Release|Any CPU.ActiveCfg = Release|Any CPU
		{452FC80A-0B18-41B0-B93B-42BEF240F587}.Release|Any CPU.Build.0 = Release|Any CPU
		{CC9515FB-2311-4232-BCE4-5ACAE243AB1A}.Debug|Any CPU.ActiveCfg = Debug|Any CPU
		{CC9515FB-2311-4232-BCE4-5ACAE243AB1A}.Debug|Any CPU.Build.0 = Debug|Any CPU
		{CC9515FB-2311-4232-BCE4-5ACAE243AB1A}.Release|Any CPU.ActiveCfg = Release|Any CPU
		{CC9515FB-2311-4232-BCE4-5ACAE243AB1A}.Release|Any CPU.Build.0 = Release|Any CPU
		{11C4C13E-0595-470F-9E83-AF8FFF509BC2}.Debug|Any CPU.ActiveCfg = Debug|Any CPU
		{11C4C13E-0595-470F-9E83-AF8FFF509BC2}.Debug|Any CPU.Build.0 = Debug|Any CPU
		{11C4C13E-0595-470F-9E83-AF8FFF509BC2}.Release|Any CPU.ActiveCfg = Release|Any CPU
		{11C4C13E-0595-470F-9E83-AF8FFF509BC2}.Release|Any CPU.Build.0 = Release|Any CPU
	EndGlobalSection
	GlobalSection(SolutionProperties) = preSolution
		HideSolutionNode = FALSE
	EndGlobalSection
	GlobalSection(ExtensibilityGlobals) = postSolution
		SolutionGuid = {B4C42472-3AD8-419A-A43D-670DDC44104A}
	EndGlobalSection
EndGlobal
